
Microsoft Visual Studio Solution File, Format Version 12.00
# Visual Studio Version 17
VisualStudioVersion = 17.5.002.0
MinimumVisualStudioVersion = 10.0.40219.1
Project("{9A19103F-16F7-4668-BE54-9A1E7A4F7556}") = "Project-Blog", "Project-Blog.csproj", "{AFF1E0C3-9B32-4E51-AE81-BE2AB29CA62D}"
EndProject
Global
	GlobalSection(SolutionConfigurationPlatforms) = preSolution
		Debug|Any CPU = Debug|Any CPU
		Release|Any CPU = Release|Any CPU
	EndGlobalSection
	GlobalSection(ProjectConfigurationPlatforms) = postSolution
		{AFF1E0C3-9B32-4E51-AE81-BE2AB29CA62D}.Debug|Any CPU.ActiveCfg = Debug|Any CPU
		{AFF1E0C3-9B32-4E51-AE81-BE2AB29CA62D}.Debug|Any CPU.Build.0 = Debug|Any CPU
		{AFF1E0C3-9B32-4E51-AE81-BE2AB29CA62D}.Release|Any CPU.ActiveCfg = Release|Any CPU
		{AFF1E0C3-9B32-4E51-AE81-BE2AB29CA62D}.Release|Any CPU.Build.0 = Release|Any CPU
	EndGlobalSection
	GlobalSection(SolutionProperties) = preSolution
		HideSolutionNode = FALSE
	EndGlobalSection
	GlobalSection(ExtensibilityGlobals) = postSolution
		SolutionGuid = {92D4D45B-AD7F-4A0F-A6DA-7E56C18F3F5D}
	EndGlobalSection
EndGlobal
