
Microsoft Visual Studio Solution File, Format Version 12.00
# Visual Studio Version 17
VisualStudioVersion = 17.5.002.0
MinimumVisualStudioVersion = 10.0.40219.1
Project("{9A19103F-16F7-4668-BE54-9A1E7A4F7556}") = "Project-POO", "Project-POO.csproj", "{60445A61-4386-479D-A985-B0DE6F2511F0}"
EndProject
Global
	GlobalSection(SolutionConfigurationPlatforms) = preSolution
		Debug|Any CPU = Debug|Any CPU
		Release|Any CPU = Release|Any CPU
	EndGlobalSection
	GlobalSection(ProjectConfigurationPlatforms) = postSolution
		{60445A61-4386-479D-A985-B0DE6F2511F0}.Debug|Any CPU.ActiveCfg = Debug|Any CPU
		{60445A61-4386-479D-A985-B0DE6F2511F0}.Debug|Any CPU.Build.0 = Debug|Any CPU
		{60445A61-4386-479D-A985-B0DE6F2511F0}.Release|Any CPU.ActiveCfg = Release|Any CPU
		{60445A61-4386-479D-A985-B0DE6F2511F0}.Release|Any CPU.Build.0 = Release|Any CPU
	EndGlobalSection
	GlobalSection(SolutionProperties) = preSolution
		HideSolutionNode = FALSE
	EndGlobalSection
	GlobalSection(ExtensibilityGlobals) = postSolution
		SolutionGuid = {F67DDF7D-6E1D-4C5A-9CAC-D1690F996E75}
	EndGlobalSection
EndGlobal
